
Microsoft Visual Studio Solution File, Format Version 12.00
# Visual Studio Version 16
VisualStudioVersion = 16.0.31729.503
MinimumVisualStudioVersion = 10.0.40219.1
Project("{FAE04EC0-301F-11D3-BF4B-00C04F79EFBC}") = "TCP Client", "TCP Client\TCP Client.csproj", "{AD714439-08A6-41DE-A7F9-DCEBF060CBB0}"
EndProject
Global
	GlobalSection(SolutionConfigurationPlatforms) = preSolution
		Debug|Any CPU = Debug|Any CPU
		Release|Any CPU = Release|Any CPU
	EndGlobalSection
	GlobalSection(ProjectConfigurationPlatforms) = postSolution
		{AD714439-08A6-41DE-A7F9-DCEBF060CBB0}.Debug|Any CPU.ActiveCfg = Debug|Any CPU
		{AD714439-08A6-41DE-A7F9-DCEBF060CBB0}.Debug|Any CPU.Build.0 = Debug|Any CPU
		{AD714439-08A6-41DE-A7F9-DCEBF060CBB0}.Release|Any CPU.ActiveCfg = Release|Any CPU
		{AD714439-08A6-41DE-A7F9-DCEBF060CBB0}.Release|Any CPU.Build.0 = Release|Any CPU
	EndGlobalSection
	GlobalSection(SolutionProperties) = preSolution
		HideSolutionNode = FALSE
	EndGlobalSection
	GlobalSection(ExtensibilityGlobals) = postSolution
		SolutionGuid = {CAC060A5-BC94-4404-8CF9-40438A5EA543}
	EndGlobalSection
EndGlobal
